// !$*UTF8*$!
{
	archiveVersion = 1;
	classes = {
	};
	objectVersion = 77;
	objects = {

/* Begin PBXContainerItemProxy section */
		BA5EEFE22FE717BF00668136 /* PBXContainerItemProxy */ = {
			isa = PBXContainerItemProxy;
			containerPortal = BA5EEFC92FE717BD00668136 /* Project object */;
			proxyType = 1;
			remoteGlobalIDString = BA5EEFD02FE717BD00668136;
			remoteInfo = SwiftUISampler;
		};
		BA5EEFEC2FE717BF00668136 /* PBXContainerItemProxy */ = {
			isa = PBXContainerItemProxy;
			containerPortal = BA5EEFC92FE717BD00668136 /* Project object */;
			proxyType = 1;
			remoteGlobalIDString = BA5EEFD02FE717BD00668136;
			remoteInfo = SwiftUISampler;
		};
/* End PBXContainerItemProxy section */

/* Begin PBXFileReference section */
		BA5EEFD12FE717BD00668136 /* SwiftUISampler.app */ = {isa = PBXFileReference; explicitFileType = wrapper.application; includeInIndex = 0; path = SwiftUISampler.app; sourceTree = BUILT_PRODUCTS_DIR; };
		BA5EEFE12FE717BF00668136 /* SwiftUISamplerTests.xctest */ = {isa = PBXFileReference; explicitFileType = wrapper.cfbundle; includeInIndex = 0; path = SwiftUISamplerTests.xctest; sourceTree = BUILT_PRODUCTS_DIR; };
		BA5EEFEB2FE717BF00668136 /* SwiftUISamplerUITests.xctest */ = {isa = PBXFileReference; explicitFileType = wrapper.cfbundle; includeInIndex = 0; path = SwiftUISamplerUITests.xctest; sourceTree = BUILT_PRODUCTS_DIR; };
/* End PBXFileReference section */

/* Begin PBXFileSystemSynchronizedRootGroup section */
		BA5EEFD32FE717BD00668136 /* SwiftUISampler */ = {
			isa = PBXFileSystemSynchronizedRootGroup;
			path = SwiftUISampler;
			sourceTree = "<group>";
		};
		BA5EEFE42FE717BF00668136 /* SwiftUISamplerTests */ = {
			isa = PBXFileSystemSynchronizedRootGroup;
			path = SwiftUISamplerTests;
			sourceTree = "<group>";
		};
		BA5EEFEE2FE717BF00668136 /* SwiftUISamplerUITests */ = {
			isa = PBXFileSystemSynchronizedRootGroup;
			path = SwiftUISamplerUITests;
			sourceTree = "<group>";
		};
/* End PBXFileSystemSynchronizedRootGroup section */

/* Begin PBXFrameworksBuildPhase section */
		BA5EEFCE2FE717BD00668136 /* Frameworks */ = {
			isa = PBXFrameworksBuildPhase;
			buildActionMask = 2147483647;
			files = (
			);
			runOnlyForDeploymentPostprocessing = 0;
		};
		BA5EEFDE2FE717BF00668136 /* Frameworks */ = {
			isa = PBXFrameworksBuildPhase;
			buildActionMask = 2147483647;
			files = (
			);
			runOnlyForDeploymentPostprocessing = 0;
		};
		BA5EEFE82FE717BF00668136 /* Frameworks */ = {
			isa = PBXFrameworksBuildPhase;
			buildActionMask = 2147483647;
			files = (
			);
			runOnlyForDeploymentPostprocessing = 0;
		};
/* End PBXFrameworksBuildPhase section */

/* Begin PBXGroup section */
		BA5EEFC82FE717BD00668136 = {
			isa = PBXGroup;
			children = (
				BA5EEFD32FE717BD00668136 /* SwiftUISampler */,
				BA5EEFE42FE717BF00668136 /* SwiftUISamplerTests */,
				BA5EEFEE2FE717BF00668136 /* SwiftUISamplerUITests */,
				BA5EEFD22FE717BD00668136 /* Products */,
			);
			sourceTree = "<group>";
		};
		BA5EEFD22FE717BD00668136 /* Products */ = {
			isa = PBXGroup;
			children = (
				BA5EEFD12FE717BD00668136 /* SwiftUISampler.app */,
				BA5EEFE12FE717BF00668136 /* SwiftUISamplerTests.xctest */,
				BA5EEFEB2FE717BF00668136 /* SwiftUISamplerUITests.xctest */,
			);
			name = Products;
			sourceTree = "<group>";
		};
/* End PBXGroup section */

/* Begin PBXNativeTarget section */
		BA5EEFD02FE717BD00668136 /* SwiftUISampler */ = {
			isa = PBXNativeTarget;
			buildConfigurationList = BA5EEFF52FE717BF00668136 /* Build configuration list for PBXNativeTarget "SwiftUISampler" */;
			buildPhases = (
				BA5EEFCD2FE717BD00668136 /* Sources */,
				BA5EEFCE2FE717BD00668136 /* Frameworks */,
				BA5EEFCF2FE717BD00668136 /* Resources */,
			);
			buildRules = (
			);
			dependencies = (
			);
			fileSystemSynchronizedGroups = (
				BA5EEFD32FE717BD00668136 /* SwiftUISampler */,
			);
			name = SwiftUISampler;
			packageProductDependencies = (
			);
			productName = SwiftUISampler;
			productReference = BA5EEFD12FE717BD00668136 /* SwiftUISampler.app */;
			productType = "com.apple.product-type.application";
		};
		BA5EEFE02FE717BF00668136 /* SwiftUISamplerTests */ = {
			isa = PBXNativeTarget;
			buildConfigurationList = BA5EEFF82FE717BF00668136 /* Build configuration list for PBXNativeTarget "SwiftUISamplerTests" */;
			buildPhases = (
				BA5EEFDD2FE717BF00668136 /* Sources */,
				BA5EEFDE2FE717BF00668136 /* Frameworks */,
				BA5EEFDF2FE717BF00668136 /* Resources */,
			);
			buildRules = (
			);
			dependencies = (
				BA5EEFE32FE717BF00668136 /* PBXTargetDependency */,
			);
			fileSystemSynchronizedGroups = (
				BA5EEFE42FE717BF00668136 /* SwiftUISamplerTests */,
			);
			name = SwiftUISamplerTests;
			packageProductDependencies = (
			);
			productName = SwiftUISamplerTests;
			productReference = BA5EEFE12FE717BF00668136 /* SwiftUISamplerTests.xctest */;
			productType = "com.apple.product-type.bundle.unit-test";
		};
		BA5EEFEA2FE717BF00668136 /* SwiftUISamplerUITests */ = {
			isa = PBXNativeTarget;
			buildConfigurationList = BA5EEFFB2FE717BF00668136 /* Build configuration list for PBXNativeTarget "SwiftUISamplerUITests" */;
			buildPhases = (
				BA5EEFE72FE717BF00668136 /* Sources */,
				BA5EEFE82FE717BF00668136 /* Frameworks */,
				BA5EEFE92FE717BF00668136 /* Resources */,
			);
			buildRules = (
			);
			dependencies = (
				BA5EEFED2FE717BF00668136 /* PBXTargetDependency */,
			);
			fileSystemSynchronizedGroups = (
				BA5EEFEE2FE717BF00668136 /* SwiftUISamplerUITests */,
			);
			name = SwiftUISamplerUITests;
			packageProductDependencies = (
			);
			productName = SwiftUISamplerUITests;
			productReference = BA5EEFEB2FE717BF00668136 /* SwiftUISamplerUITests.xctest */;
			productType = "com.apple.product-type.bundle.ui-testing";
		};
/* End PBXNativeTarget section */

/* Begin PBXProject section */
		BA5EEFC92FE717BD00668136 /* Project object */ = {
			isa = PBXProject;
			attributes = {
				BuildIndependentTargetsInParallel = 1;
				LastSwiftUpdateCheck = 1620;
				LastUpgradeCheck = 1620;
				TargetAttributes = {
					BA5EEFD02FE717BD00668136 = {
						CreatedOnToolsVersion = 16.2;
					};
					BA5EEFE02FE717BF00668136 = {
						CreatedOnToolsVersion = 16.2;
						TestTargetID = BA5EEFD02FE717BD00668136;
					};
					BA5EEFEA2FE717BF00668136 = {
						CreatedOnToolsVersion = 16.2;
						TestTargetID = BA5EEFD02FE717BD00668136;
					};
				};
			};
			buildConfigurationList = BA5EEFCC2FE717BD00668136 /* Build configuration list for PBXProject "SwiftUISampler" */;
			developmentRegion = en;
			hasScannedForEncodings = 0;
			knownRegions = (
				en,
				Base,
			);
			mainGroup = BA5EEFC82FE717BD00668136;
			minimizedProjectReferenceProxies = 1;
			preferredProjectObjectVersion = 77;
			productRefGroup = BA5EEFD22FE717BD00668136 /* Products */;
			projectDirPath = "";
			projectRoot = "";
			targets = (
				BA5EEFD02FE717BD00668136 /* SwiftUISampler */,
				BA5EEFE02FE717BF00668136 /* SwiftUISamplerTests */,
				BA5EEFEA2FE717BF00668136 /* SwiftUISamplerUITests */,
			);
		};
/* End PBXProject section */

/* Begin PBXResourcesBuildPhase section */
		BA5EEFCF2FE717BD00668136 /* Resources */ = {
			isa = PBXResourcesBuildPhase;
			buildActionMask = 2147483647;
			files = (
			);
			runOnlyForDeploymentPostprocessing = 0;
		};
		BA5EEFDF2FE717BF00668136 /* Resources */ = {
			isa = PBXResourcesBuildPhase;
			buildActionMask = 2147483647;
			files = (
			);
			runOnlyForDeploymentPostprocessing = 0;
		};
		BA5EEFE92FE717BF00668136 /* Resources */ = {
			isa = PBXResourcesBuildPhase;
			buildActionMask = 2147483647;
			files = (
			);
			runOnlyForDeploymentPostprocessing = 0;
		};
/* End PBXResourcesBuildPhase section */

/* Begin PBXSourcesBuildPhase section */
		BA5EEFCD2FE717BD00668136 /* Sources */ = {
			isa = PBXSourcesBuildPhase;
			buildActionMask = 2147483647;
			files = (
			);
			runOnlyForDeploymentPostprocessing = 0;
		};
		BA5EEFDD2FE717BF00668136 /* Sources */ = {
			isa = PBXSourcesBuildPhase;
			buildActionMask = 2147483647;
			files = (
			);
			runOnlyForDeploymentPostprocessing = 0;
		};
		BA5EEFE72FE717BF00668136 /* Sources */ = {
			isa = PBXSourcesBuildPhase;
			buildActionMask = 2147483647;
			files = (
			);
			runOnlyForDeploymentPostprocessing = 0;
		};
/* End PBXSourcesBuildPhase section */

/* Begin PBXTargetDependency section */
		BA5EEFE32FE717BF00668136 /* PBXTargetDependency */ = {
			isa = PBXTargetDependency;
			target = BA5EEFD02FE717BD00668136 /* SwiftUISampler */;
			targetProxy = BA5EEFE22FE717BF00668136 /* PBXContainerItemProxy */;
		};
		BA5EEFED2FE717BF00668136 /* PBXTargetDependency */ = {
			isa = PBXTargetDependency;
			target = BA5EEFD02FE717BD00668136 /* SwiftUISampler */;
			targetProxy = BA5EEFEC2FE717BF00668136 /* PBXContainerItemProxy */;
		};
/* End PBXTargetDependency section */

/* Begin XCBuildConfiguration section */
		BA5EEFF32FE717BF00668136 /* Debug */ = {
			isa = XCBuildConfiguration;
			buildSettings = {
				ALWAYS_SEARCH_USER_PATHS = NO;
				ASSETCATALOG_COMPILER_GENERATE_SWIFT_ASSET_SYMBOL_EXTENSIONS = YES;
				CLANG_ANALYZER_NONNULL = YES;
				CLANG_ANALYZER_NUMBER_OBJECT_CONVERSION = YES_AGGRESSIVE;
				CLANG_CXX_LANGUAGE_STANDARD = "gnu++20";
				CLANG_ENABLE_MODULES = YES;
				CLANG_ENABLE_OBJC_ARC = YES;
				CLANG_ENABLE_OBJC_WEAK = YES;
				CLANG_WARN_BLOCK_CAPTURE_AUTORELEASING = YES;
				CLANG_WARN_BOOL_CONVERSION = YES;
				CLANG_WARN_COMMA = YES;
				CLANG_WARN_CONSTANT_CONVERSION = YES;
				CLANG_WARN_DEPRECATED_OBJC_IMPLEMENTATIONS = YES;
				CLANG_WARN_DIRECT_OBJC_ISA_USAGE = YES_ERROR;
				CLANG_WARN_DOCUMENTATION_COMMENTS = YES;
				CLANG_WARN_EMPTY_BODY = YES;
				CLANG_WARN_ENUM_CONVERSION = YES;
				CLANG_WARN_INFINITE_RECURSION = YES;
				CLANG_WARN_INT_CONVERSION = YES;
				CLANG_WARN_NON_LITERAL_NULL_CONVERSION = YES;
				CLANG_WARN_OBJC_IMPLICIT_RETAIN_SELF = YES;
				CLANG_WARN_OBJC_LITERAL_CONVERSION = YES;
				CLANG_WARN_OBJC_ROOT_CLASS = YES_ERROR;
				CLANG_WARN_QUOTED_INCLUDE_IN_FRAMEWORK_HEADER = YES;
				CLANG_WARN_RANGE_LOOP_ANALYSIS = YES;
				CLANG_WARN_STRICT_PROTOTYPES = YES;
				CLANG_WARN_SUSPICIOUS_MOVE = YES;
				CLANG_WARN_UNGUARDED_AVAILABILITY = YES_AGGRESSIVE;
				CLANG_WARN_UNREACHABLE_CODE = YES;
				CLANG_WARN__DUPLICATE_METHOD_MATCH = YES;
				COPY_PHASE_STRIP = NO;
				DEBUG_INFORMATION_FORMAT = dwarf;
				ENABLE_STRICT_OBJC_MSGSEND = YES;
				ENABLE_TESTABILITY = YES;
				ENABLE_USER_SCRIPT_SANDBOXING = YES;
				GCC_C_LANGUAGE_STANDARD = gnu17;
				GCC_DYNAMIC_NO_PIC = NO;
				GCC_NO_COMMON_BLOCKS = YES;
				GCC_OPTIMIZATION_LEVEL = 0;
				GCC_PREPROCESSOR_DEFINITIONS = (
					"DEBUG=1",
					"$(inherited)",
				);
				GCC_WARN_64_TO_32_BIT_CONVERSION = YES;
				GCC_WARN_ABOUT_RETURN_TYPE = YES_ERROR;
				GCC_WARN_UNDECLARED_SELECTOR = YES;
				GCC_WARN_UNINITIALIZED_AUTOS = YES_AGGRESSIVE;
				GCC_WARN_UNUSED_FUNCTION = YES;
				GCC_WARN_UNUSED_VARIABLE = YES;
				IPHONEOS_DEPLOYMENT_TARGET = 18.2;
				LOCALIZATION_PREFERS_STRING_CATALOGS = YES;
				MTL_ENABLE_DEBUG_INFO = INCLUDE_SOURCE;
				MTL_FAST_MATH = YES;
				ONLY_ACTIVE_ARCH = YES;
				SDKROOT = iphoneos;
				SWIFT_ACTIVE_COMPILATION_CONDITIONS = "DEBUG $(inherited)";
				SWIFT_OPTIMIZATION_LEVEL = "-Onone";
			};
			name = Debug;
		};
		BA5EEFF42FE717BF00668136 /* Release */ = {
			isa = XCBuildConfiguration;
			buildSettings = {
				ALWAYS_SEARCH_USER_PATHS = NO;
				ASSETCATALOG_COMPILER_GENERATE_SWIFT_ASSET_SYMBOL_EXTENSIONS = YES;
				CLANG_ANALYZER_NONNULL = YES;
				CLANG_ANALYZER_NUMBER_OBJECT_CONVERSION = YES_AGGRESSIVE;
				CLANG_CXX_LANGUAGE_STANDARD = "gnu++20";
				CLANG_ENABLE_MODULES = YES;
				CLANG_ENABLE_OBJC_ARC = YES;
				CLANG_ENABLE_OBJC_WEAK = YES;
				CLANG_WARN_BLOCK_CAPTURE_AUTORELEASING = YES;
				CLANG_WARN_BOOL_CONVERSION = YES;
				CLANG_WARN_COMMA = YES;
				CLANG_WARN_CONSTANT_CONVERSION = YES;
				CLANG_WARN_DEPRECATED_OBJC_IMPLEMENTATIONS = YES;
				CLANG_WARN_DIRECT_OBJC_ISA_USAGE = YES_ERROR;
				CLANG_WARN_DOCUMENTATION_COMMENTS = YES;
				CLANG_WARN_EMPTY_BODY = YES;
				CLANG_WARN_ENUM_CONVERSION = YES;
				CLANG_WARN_INFINITE_RECURSION = YES;
				CLANG_WARN_INT_CONVERSION = YES;
				CLANG_WARN_NON_LITERAL_NULL_CONVERSION = YES;
				CLANG_WARN_OBJC_IMPLICIT_RETAIN_SELF = YES;
				CLANG_WARN_OBJC_LITERAL_CONVERSION = YES;
				CLANG_WARN_OBJC_ROOT_CLASS = YES_ERROR;
				CLANG_WARN_QUOTED_INCLUDE_IN_FRAMEWORK_HEADER = YES;
				CLANG_WARN_RANGE_LOOP_ANALYSIS = YES;
				CLANG_WARN_STRICT_PROTOTYPES = YES;
				CLANG_WARN_SUSPICIOUS_MOVE = YES;
				CLANG_WARN_UNGUARDED_AVAILABILITY = YES_AGGRESSIVE;
				CLANG_WARN_UNREACHABLE_CODE = YES;
				CLANG_WARN__DUPLICATE_METHOD_MATCH = YES;
				COPY_PHASE_STRIP = NO;
				DEBUG_INFORMATION_FORMAT = "dwarf-with-dsym";
				ENABLE_NS_ASSERTIONS = NO;
				ENABLE_STRICT_OBJC_MSGSEND = YES;
				ENABLE_USER_SCRIPT_SANDBOXING = YES;
				GCC_C_LANGUAGE_STANDARD = gnu17;
				GCC_NO_COMMON_BLOCKS = YES;
				GCC_WARN_64_TO_32_BIT_CONVERSION = YES;
				GCC_WARN_ABOUT_RETURN_TYPE = YES_ERROR;
				GCC_WARN_UNDECLARED_SELECTOR = YES;
				GCC_WARN_UNINITIALIZED_AUTOS = YES_AGGRESSIVE;
				GCC_WARN_UNUSED_FUNCTION = YES;
				GCC_WARN_UNUSED_VARIABLE = YES;
				IPHONEOS_DEPLOYMENT_TARGET = 18.2;
				LOCALIZATION_PREFERS_STRING_CATALOGS = YES;
				MTL_ENABLE_DEBUG_INFO = NO;
				MTL_FAST_MATH = YES;
				SDKROOT = iphoneos;
				SWIFT_COMPILATION_MODE = wholemodule;
				VALIDATE_PRODUCT = YES;
			};
			name = Release;
		};
		BA5EEFF62FE717BF00668136 /* Debug */ = {
			isa = XCBuildConfiguration;
			buildSettings = {
				ASSETCATALOG_COMPILER_APPICON_NAME = AppIcon;
				ASSETCATALOG_COMPILER_GLOBAL_ACCENT_COLOR_NAME = AccentColor;
				CODE_SIGN_STYLE = Automatic;
				CURRENT_PROJECT_VERSION = 1;
				DEVELOPMENT_ASSET_PATHS = "\"SwiftUISampler/Preview Content\"";
				ENABLE_PREVIEWS = YES;
				GENERATE_INFOPLIST_FILE = YES;
				INFOPLIST_KEY_UIApplicationSceneManifest_Generation = YES;
				INFOPLIST_KEY_UIApplicationSupportsIndirectInputEvents = YES;
				INFOPLIST_KEY_UILaunchScreen_Generation = YES;
				INFOPLIST_KEY_UISupportedInterfaceOrientations_iPad = "UIInterfaceOrientationPortrait UIInterfaceOrientationPortraitUpsideDown UIInterfaceOrientationLandscapeLeft UIInterfaceOrientationLandscapeRight";
				INFOPLIST_KEY_UISupportedInterfaceOrientations_iPhone = "UIInterfaceOrientationPortrait UIInterfaceOrientationLandscapeLeft UIInterfaceOrientationLandscapeRight";
				LD_RUNPATH_SEARCH_PATHS = (
					"$(inherited)",
					"@executable_path/Frameworks",
				);
				MARKETING_VERSION = 1.0;
				PRODUCT_BUNDLE_IDENTIFIER = bigpanda.SwiftUISampler;
				PRODUCT_NAME = "$(TARGET_NAME)";
				SWIFT_EMIT_LOC_STRINGS = YES;
				SWIFT_VERSION = 5.0;
				TARGETED_DEVICE_FAMILY = "1,2";
			};
			name = Debug;
		};
		BA5EEFF72FE717BF00668136 /* Release */ = {
			isa = XCBuildConfiguration;
			buildSettings = {
				ASSETCATALOG_COMPILER_APPICON_NAME = AppIcon;
				ASSETCATALOG_COMPILER_GLOBAL_ACCENT_COLOR_NAME = AccentColor;
				CODE_SIGN_STYLE = Automatic;
				CURRENT_PROJECT_VERSION = 1;
				DEVELOPMENT_ASSET_PATHS = "\"SwiftUISampler/Preview Content\"";
				ENABLE_PREVIEWS = YES;
				GENERATE_INFOPLIST_FILE = YES;
				INFOPLIST_KEY_UIApplicationSceneManifest_Generation = YES;
				INFOPLIST_KEY_UIApplicationSupportsIndirectInputEvents = YES;
				INFOPLIST_KEY_UILaunchScreen_Generation = YES;
				INFOPLIST_KEY_UISupportedInterfaceOrientations_iPad = "UIInterfaceOrientationPortrait UIInterfaceOrientationPortraitUpsideDown UIInterfaceOrientationLandscapeLeft UIInterfaceOrientationLandscapeRight";
				INFOPLIST_KEY_UISupportedInterfaceOrientations_iPhone = "UIInterfaceOrientationPortrait UIInterfaceOrientationLandscapeLeft UIInterfaceOrientationLandscapeRight";
				LD_RUNPATH_SEARCH_PATHS = (
					"$(inherited)",
					"@executable_path/Frameworks",
				);
				MARKETING_VERSION = 1.0;
				PRODUCT_BUNDLE_IDENTIFIER = bigpanda.SwiftUISampler;
				PRODUCT_NAME = "$(TARGET_NAME)";
				SWIFT_EMIT_LOC_STRINGS = YES;
				SWIFT_VERSION = 5.0;
				TARGETED_DEVICE_FAMILY = "1,2";
			};
			name = Release;
		};
		BA5EEFF92FE717BF00668136 /* Debug */ = {
			isa = XCBuildConfiguration;
			buildSettings = {
				BUNDLE_LOADER = "$(TEST_HOST)";
				CODE_SIGN_STYLE = Automatic;
				CURRENT_PROJECT_VERSION = 1;
				GENERATE_INFOPLIST_FILE = YES;
				IPHONEOS_DEPLOYMENT_TARGET = 18.2;
				MARKETING_VERSION = 1.0;
				PRODUCT_BUNDLE_IDENTIFIER = bigpanda.SwiftUISamplerTests;
				PRODUCT_NAME = "$(TARGET_NAME)";
				SWIFT_EMIT_LOC_STRINGS = NO;
				SWIFT_VERSION = 5.0;
				TARGETED_DEVICE_FAMILY = "1,2";
				TEST_HOST = "$(BUILT_PRODUCTS_DIR)/SwiftUISampler.app/$(BUNDLE_EXECUTABLE_FOLDER_PATH)/SwiftUISampler";
			};
			name = Debug;
		};
		BA5EEFFA2FE717BF00668136 /* Release */ = {
			isa = XCBuildConfiguration;
			buildSettings = {
				BUNDLE_LOADER = "$(TEST_HOST)";
				CODE_SIGN_STYLE = Automatic;
				CURRENT_PROJECT_VERSION = 1;
				GENERATE_INFOPLIST_FILE = YES;
				IPHONEOS_DEPLOYMENT_TARGET = 18.2;
				MARKETING_VERSION = 1.0;
				PRODUCT_BUNDLE_IDENTIFIER = bigpanda.SwiftUISamplerTests;
				PRODUCT_NAME = "$(TARGET_NAME)";
				SWIFT_EMIT_LOC_STRINGS = NO;
				SWIFT_VERSION = 5.0;
				TARGETED_DEVICE_FAMILY = "1,2";
				TEST_HOST = "$(BUILT_PRODUCTS_DIR)/SwiftUISampler.app/$(BUNDLE_EXECUTABLE_FOLDER_PATH)/SwiftUISampler";
			};
			name = Release;
		};
		BA5EEFFC2FE717BF00668136 /* Debug */ = {
			isa = XCBuildConfiguration;
			buildSettings = {
				CODE_SIGN_STYLE = Automatic;
				CURRENT_PROJECT_VERSION = 1;
				GENERATE_INFOPLIST_FILE = YES;
				MARKETING_VERSION = 1.0;
				PRODUCT_BUNDLE_IDENTIFIER = bigpanda.SwiftUISamplerUITests;
				PRODUCT_NAME = "$(TARGET_NAME)";
				SWIFT_EMIT_LOC_STRINGS = NO;
				SWIFT_VERSION = 5.0;
				TARGETED_DEVICE_FAMILY = "1,2";
				TEST_TARGET_NAME = SwiftUISampler;
			};
			name = Debug;
		};
		BA5EEFFD2FE717BF00668136 /* Release */ = {
			isa = XCBuildConfiguration;
			buildSettings = {
				CODE_SIGN_STYLE = Automatic;
				CURRENT_PROJECT_VERSION = 1;
				GENERATE_INFOPLIST_FILE = YES;
				MARKETING_VERSION = 1.0;
				PRODUCT_BUNDLE_IDENTIFIER = bigpanda.SwiftUISamplerUITests;
				PRODUCT_NAME = "$(TARGET_NAME)";
				SWIFT_EMIT_LOC_STRINGS = NO;
				SWIFT_VERSION = 5.0;
				TARGETED_DEVICE_FAMILY = "1,2";
				TEST_TARGET_NAME = SwiftUISampler;
			};
			name = Release;
		};
/* End XCBuildConfiguration section */

/* Begin XCConfigurationList section */
		BA5EEFCC2FE717BD00668136 /* Build configuration list for PBXProject "SwiftUISampler" */ = {
			isa = XCConfigurationList;
			buildConfigurations = (
				BA5EEFF32FE717BF00668136 /* Debug */,
				BA5EEFF42FE717BF00668136 /* Release */,
			);
			defaultConfigurationIsVisible = 0;
			defaultConfigurationName = Release;
		};
		BA5EEFF52FE717BF00668136 /* Build configuration list for PBXNativeTarget "SwiftUISampler" */ = {
			isa = XCConfigurationList;
			buildConfigurations = (
				BA5EEFF62FE717BF00668136 /* Debug */,
				BA5EEFF72FE717BF00668136 /* Release */,
			);
			defaultConfigurationIsVisible = 0;
			defaultConfigurationName = Release;
		};
		BA5EEFF82FE717BF00668136 /* Build configuration list for PBXNativeTarget "SwiftUISamplerTests" */ = {
			isa = XCConfigurationList;
			buildConfigurations = (
				BA5EEFF92FE717BF00668136 /* Debug */,
				BA5EEFFA2FE717BF00668136 /* Release */,
			);
			defaultConfigurationIsVisible = 0;
			defaultConfigurationName = Release;
		};
		BA5EEFFB2FE717BF00668136 /* Build configuration list for PBXNativeTarget "SwiftUISamplerUITests" */ = {
			isa = XCConfigurationList;
			buildConfigurations = (
				BA5EEFFC2FE717BF00668136 /* Debug */,
				BA5EEFFD2FE717BF00668136 /* Release */,
			);
			defaultConfigurationIsVisible = 0;
			defaultConfigurationName = Release;
		};
/* End XCConfigurationList section */
	};
	rootObject = BA5EEFC92FE717BD00668136 /* Project object */;
}
